
Microsoft Visual Studio Solution File, Format Version 12.00
# Visual Studio 14
VisualStudioVersion = 14.0.24720.0
MinimumVisualStudioVersion = 10.0.40219.1
Project("{FAE04EC0-301F-11D3-BF4B-00C04F79EFBC}") = "AimlBotUI", "AimlBotUI\AimlBotUI.csproj", "{E429C5AE-F4FB-456D-B790-743ADD166AA4}"
EndProject
Project("{FAE04EC0-301F-11D3-BF4B-00C04F79EFBC}") = "BusinessLogic", "BusinessLogic\BusinessLogic.csproj", "{0971AC43-48E2-41E0-84C4-677FCDFC455D}"
EndProject
Project("{FAE04EC0-301F-11D3-BF4B-00C04F79EFBC}") = "AimlBotWeb", "AimlBotWeb\AimlBotWeb.csproj", "{A17A7496-46DB-4D1C-A00F-FB8E9A78A4BC}"
EndProject
Project("{FAE04EC0-301F-11D3-BF4B-00C04F79EFBC}") = "AimlBotAPI", "AimlBotAPI\AimlBotAPI.csproj", "{A8BA1066-5695-4D71-ABB4-65E5A5E0C3D4}"
EndProject
Global
	GlobalSection(SolutionConfigurationPlatforms) = preSolution
		Debug|Any CPU = Debug|Any CPU
		Release|Any CPU = Release|Any CPU
	EndGlobalSection
	GlobalSection(ProjectConfigurationPlatforms) = postSolution
		{E429C5AE-F4FB-456D-B790-743ADD166AA4}.Debug|Any CPU.ActiveCfg = Debug|Any CPU
		{E429C5AE-F4FB-456D-B790-743ADD166AA4}.Debug|Any CPU.Build.0 = Debug|Any CPU
		{E429C5AE-F4FB-456D-B790-743ADD166AA4}.Release|Any CPU.ActiveCfg = Release|Any CPU
		{E429C5AE-F4FB-456D-B790-743ADD166AA4}.Release|Any CPU.Build.0 = Release|Any CPU
		{0971AC43-48E2-41E0-84C4-677FCDFC455D}.Debug|Any CPU.ActiveCfg = Debug|Any CPU
		{0971AC43-48E2-41E0-84C4-677FCDFC455D}.Debug|Any CPU.Build.0 = Debug|Any CPU
		{0971AC43-48E2-41E0-84C4-677FCDFC455D}.Release|Any CPU.ActiveCfg = Release|Any CPU
		{0971AC43-48E2-41E0-84C4-677FCDFC455D}.Release|Any CPU.Build.0 = Release|Any CPU
		{A17A7496-46DB-4D1C-A00F-FB8E9A78A4BC}.Debug|Any CPU.ActiveCfg = Debug|Any CPU
		{A17A7496-46DB-4D1C-A00F-FB8E9A78A4BC}.Debug|Any CPU.Build.0 = Debug|Any CPU
		{A17A7496-46DB-4D1C-A00F-FB8E9A78A4BC}.Release|Any CPU.ActiveCfg = Release|Any CPU
		{A17A7496-46DB-4D1C-A00F-FB8E9A78A4BC}.Release|Any CPU.Build.0 = Release|Any CPU
		{A8BA1066-5695-4D71-ABB4-65E5A5E0C3D4}.Debug|Any CPU.ActiveCfg = Debug|Any CPU
		{A8BA1066-5695-4D71-ABB4-65E5A5E0C3D4}.Debug|Any CPU.Build.0 = Debug|Any CPU
		{A8BA1066-5695-4D71-ABB4-65E5A5E0C3D4}.Release|Any CPU.ActiveCfg = Release|Any CPU
		{A8BA1066-5695-4D71-ABB4-65E5A5E0C3D4}.Release|Any CPU.Build.0 = Release|Any CPU
	EndGlobalSection
	GlobalSection(SolutionProperties) = preSolution
		HideSolutionNode = FALSE
	EndGlobalSection
EndGlobal
